
Microsoft Visual Studio Solution File, Format Version 12.00
# Visual Studio Version 17
VisualStudioVersion = 17.0.32014.148
MinimumVisualStudioVersion = 10.0.40219.1
Project("{2150E333-8FDC-42A3-9474-1A3956D46DE8}") = "src", "src", "{31803A2B-CD0C-490F-A433-F914ECFA2230}"
EndProject
Project("{2150E333-8FDC-42A3-9474-1A3956D46DE8}") = "tests", "tests", "{58CE957B-C8DA-4A09-9330-D67BD9E3710A}"
EndProject
Project("{2150E333-8FDC-42A3-9474-1A3956D46DE8}") = "01 - Presentation", "01 - Presentation", "{7DE865D7-FC2D-459C-BE4F-3374945FC20E}"
EndProject
Project("{2150E333-8FDC-42A3-9474-1A3956D46DE8}") = "02 - Core", "02 - Core", "{CD8A1854-CB7B-4EB3-AFB8-8BC330764F7F}"
EndProject
Project("{2150E333-8FDC-42A3-9474-1A3956D46DE8}") = "03 - Infrastructure", "03 - Infrastructure", "{7CF66143-3343-470D-8383-ECAD73E0C946}"
EndProject
Global
	GlobalSection(SolutionProperties) = preSolution
		HideSolutionNode = FALSE
	EndGlobalSection
	GlobalSection(NestedProjects) = preSolution
		{7DE865D7-FC2D-459C-BE4F-3374945FC20E} = {31803A2B-CD0C-490F-A433-F914ECFA2230}
		{CD8A1854-CB7B-4EB3-AFB8-8BC330764F7F} = {31803A2B-CD0C-490F-A433-F914ECFA2230}
		{7CF66143-3343-470D-8383-ECAD73E0C946} = {31803A2B-CD0C-490F-A433-F914ECFA2230}
	EndGlobalSection
	GlobalSection(ExtensibilityGlobals) = postSolution
		SolutionGuid = {4CEA3AF5-0CD8-4A3B-B499-2B19755F848A}
	EndGlobalSection
EndGlobal
